Microsoft Visual Studio Solution File, Format Version 12.00
# Visual Studio Version 17
VisualStudioVersion = 17.5.2.0
MinimumVisualStudioVersion = 10.0.40219.1
Project("{FAE04EC0-301F-11D3-BF4B-00C04F79EFBC}") = "sistemaDeCadastroDeClientes", "sistemaDeCadastroDeClientes.csproj", "{B8E49C0D-A8E0-C1D3-4A6A-F292122440C0}"
EndProject
Global
	GlobalSection(SolutionConfigurationPlatforms) = preSolution
		Debug|Any CPU = Debug|Any CPU
		Release|Any CPU = Release|Any CPU
	EndGlobalSection
	GlobalSection(ProjectConfigurationPlatforms) = postSolution
		{B8E49C0D-A8E0-C1D3-4A6A-F292122440C0}.Debug|Any CPU.ActiveCfg = Debug|Any CPU
		{B8E49C0D-A8E0-C1D3-4A6A-F292122440C0}.Debug|Any CPU.Build.0 = Debug|Any CPU
		{B8E49C0D-A8E0-C1D3-4A6A-F292122440C0}.Release|Any CPU.ActiveCfg = Release|Any CPU
		{B8E49C0D-A8E0-C1D3-4A6A-F292122440C0}.Release|Any CPU.Build.0 = Release|Any CPU
	EndGlobalSection
	GlobalSection(SolutionProperties) = preSolution
		HideSolutionNode = FALSE
	EndGlobalSection
	GlobalSection(ExtensibilityGlobals) = postSolution
		SolutionGuid = {F3029225-7695-4236-A56D-FAF78D48F9A0}
	EndGlobalSection
EndGlobal
